// !$*UTF8*$!
{
	archiveVersion = 1;
	classes = {
	};
	objectVersion = 50;
	objects = {

/* Begin PBXBuildFile section */
		0930404521ECF43F009027E7 /* iOSReusableExtensions.h in Headers */ = {isa = PBXBuildFile; fileRef = 0930404321ECF43F009027E7 /* iOSReusableExtensions.h */; settings = {ATTRIBUTES = (Public, ); }; };
		0930409721ECF4CE009027E7 /* PropertyLoopable.swift in Sources */ = {isa = PBXBuildFile; fileRef = 0930406221ECF4CD009027E7 /* PropertyLoopable.swift */; };
		0930409821ECF4CE009027E7 /* Evaluatable.swift in Sources */ = {isa = PBXBuildFile; fileRef = 0930406421ECF4CD009027E7 /* Evaluatable.swift */; };
		0930409921ECF4CE009027E7 /* UserInputValidationType.swift in Sources */ = {isa = PBXBuildFile; fileRef = 0930406521ECF4CD009027E7 /* UserInputValidationType.swift */; };
		0930409A21ECF4CE009027E7 /* Validatable.swift in Sources */ = {isa = PBXBuildFile; fileRef = 0930406621ECF4CD009027E7 /* Validatable.swift */; };
		0930409B21ECF4CE009027E7 /* String+Evaluatable.swift in Sources */ = {isa = PBXBuildFile; fileRef = 0930406721ECF4CD009027E7 /* String+Evaluatable.swift */; };
		0930409C21ECF4CE009027E7 /* ValidationRule.swift in Sources */ = {isa = PBXBuildFile; fileRef = 0930406821ECF4CD009027E7 /* ValidationRule.swift */; };
		0930409D21ECF4CE009027E7 /* UIImage+resizeImage.swift in Sources */ = {isa = PBXBuildFile; fileRef = 0930406A21ECF4CD009027E7 /* UIImage+resizeImage.swift */; };
		0930409E21ECF4CE009027E7 /* UIColor+hex.swift in Sources */ = {isa = PBXBuildFile; fileRef = 0930406B21ECF4CD009027E7 /* UIColor+hex.swift */; };
		0930409F21ECF4CE009027E7 /* UIImageView+imageColor.swift in Sources */ = {isa = PBXBuildFile; fileRef = 0930406C21ECF4CD009027E7 /* UIImageView+imageColor.swift */; };
		093040A021ECF4CE009027E7 /* UIView+Parent+ScrollView.swift in Sources */ = {isa = PBXBuildFile; fileRef = 0930406E21ECF4CD009027E7 /* UIView+Parent+ScrollView.swift */; };
		093040A121ECF4CE009027E7 /* UIView+LayoutConstraint.swift in Sources */ = {isa = PBXBuildFile; fileRef = 0930406F21ECF4CD009027E7 /* UIView+LayoutConstraint.swift */; };
		093040A221ECF4CE009027E7 /* UIView+snapshotView.swift in Sources */ = {isa = PBXBuildFile; fileRef = 0930407021ECF4CD009027E7 /* UIView+snapshotView.swift */; };
		093040A321ECF4CE009027E7 /* UIView+Appearance.swift in Sources */ = {isa = PBXBuildFile; fileRef = 0930407121ECF4CD009027E7 /* UIView+Appearance.swift */; };
		093040A421ECF4CE009027E7 /* UIView+Nib.swift in Sources */ = {isa = PBXBuildFile; fileRef = 0930407221ECF4CD009027E7 /* UIView+Nib.swift */; };
		093040A521ECF4CE009027E7 /* UIView+Positioning.swift in Sources */ = {isa = PBXBuildFile; fileRef = 0930407321ECF4CD009027E7 /* UIView+Positioning.swift */; };
		093040A621ECF4CE009027E7 /* UIView+Animation.swift in Sources */ = {isa = PBXBuildFile; fileRef = 0930407421ECF4CD009027E7 /* UIView+Animation.swift */; };
		093040A721ECF4CE009027E7 /* NotificationCenter+Extension.swift in Sources */ = {isa = PBXBuildFile; fileRef = 0930407521ECF4CD009027E7 /* NotificationCenter+Extension.swift */; };
		093040A821ECF4CE009027E7 /* UIViewController+Extension.swift in Sources */ = {isa = PBXBuildFile; fileRef = 0930407621ECF4CD009027E7 /* UIViewController+Extension.swift */; };
		093040A921ECF4CE009027E7 /* UIDevice+Type.swift in Sources */ = {isa = PBXBuildFile; fileRef = 0930407821ECF4CD009027E7 /* UIDevice+Type.swift */; };
		093040AA21ECF4CE009027E7 /* UIDevice+BiometricType.swift in Sources */ = {isa = PBXBuildFile; fileRef = 0930407921ECF4CD009027E7 /* UIDevice+BiometricType.swift */; };
		093040AB21ECF4CE009027E7 /* UIApplication+topViewController.swift in Sources */ = {isa = PBXBuildFile; fileRef = 0930407A21ECF4CD009027E7 /* UIApplication+topViewController.swift */; };
		093040AC21ECF4CE009027E7 /* UICollectionView+Extension.swift in Sources */ = {isa = PBXBuildFile; fileRef = 0930407B21ECF4CD009027E7 /* UICollectionView+Extension.swift */; };
		093040AD21ECF4CE009027E7 /* UIBarButtonItem+isHidden.swift in Sources */ = {isa = PBXBuildFile; fileRef = 0930407C21ECF4CD009027E7 /* UIBarButtonItem+isHidden.swift */; };
		093040AE21ECF4CE009027E7 /* String+Extension.swift in Sources */ = {isa = PBXBuildFile; fileRef = 0930407E21ECF4CD009027E7 /* String+Extension.swift */; };
		093040AF21ECF4CE009027E7 /* NumberFormatter+Double.swift in Sources */ = {isa = PBXBuildFile; fileRef = 0930407F21ECF4CE009027E7 /* NumberFormatter+Double.swift */; };
		093040B021ECF4CE009027E7 /* String+Optional.swift in Sources */ = {isa = PBXBuildFile; fileRef = 0930408021ECF4CE009027E7 /* String+Optional.swift */; };
		093040B121ECF4CE009027E7 /* String+Double.swift in Sources */ = {isa = PBXBuildFile; fileRef = 0930408121ECF4CE009027E7 /* String+Double.swift */; };
		093040B221ECF4CE009027E7 /* UITextField+Extension.swift in Sources */ = {isa = PBXBuildFile; fileRef = 0930408221ECF4CE009027E7 /* UITextField+Extension.swift */; };
		093040B321ECF4CE009027E7 /* Date+Extension.swift in Sources */ = {isa = PBXBuildFile; fileRef = 0930408321ECF4CE009027E7 /* Date+Extension.swift */; };
		093040B421ECF4CE009027E7 /* UIScrollView+scrollTo.swift in Sources */ = {isa = PBXBuildFile; fileRef = 0930408421ECF4CE009027E7 /* UIScrollView+scrollTo.swift */; };
		093040B521ECF4CE009027E7 /* UITableView+Extension.swift in Sources */ = {isa = PBXBuildFile; fileRef = 0930408521ECF4CE009027E7 /* UITableView+Extension.swift */; };
		094F9581234B7C0100133ADA /* String+hex.swift in Sources */ = {isa = PBXBuildFile; fileRef = 094F9580234B7C0100133ADA /* String+hex.swift */; };
		099BB12E21EF74B900942CE2 /* UIImage+Extension.swift in Sources */ = {isa = PBXBuildFile; fileRef = 099BB12D21EF74B900942CE2 /* UIImage+Extension.swift */; };
		099BB13021EF8E2E00942CE2 /* FileManager+Extension.swift in Sources */ = {isa = PBXBuildFile; fileRef = 099BB12F21EF8E2E00942CE2 /* FileManager+Extension.swift */; };
		099BB13221EF8ECC00942CE2 /* UINavigationBar+Extension.swift in Sources */ = {isa = PBXBuildFile; fileRef = 099BB13121EF8ECC00942CE2 /* UINavigationBar+Extension.swift */; };
		099BB13421EF8FAE00942CE2 /* CAGradientLayer+Extension.swift in Sources */ = {isa = PBXBuildFile; fileRef = 099BB13321EF8FAE00942CE2 /* CAGradientLayer+Extension.swift */; };
		099BB13621EF918E00942CE2 /* Utility.swift in Sources */ = {isa = PBXBuildFile; fileRef = 099BB13521EF918E00942CE2 /* Utility.swift */; };
		09C3FC27226DBE9100754AA9 /* Sequence+Perform.swift in Sources */ = {isa = PBXBuildFile; fileRef = 09C3FC26226DBE9100754AA9 /* Sequence+Perform.swift */; };
		09C3FC29226DC0D800754AA9 /* UIViewController+isModal.swift in Sources */ = {isa = PBXBuildFile; fileRef = 09C3FC28226DC0D800754AA9 /* UIViewController+isModal.swift */; };
		09C3FC2C226DC11F00754AA9 /* UIStackView+RemoveAll.swift in Sources */ = {isa = PBXBuildFile; fileRef = 09C3FC2B226DC11F00754AA9 /* UIStackView+RemoveAll.swift */; };
		09DC69032309CD07006D042B /* DispatchTimeInterval+seconds.swift in Sources */ = {isa = PBXBuildFile; fileRef = 09DC69022309CD07006D042B /* DispatchTimeInterval+seconds.swift */; };
		09DC69062309CDD6006D042B /* UINavigationController+isViewControllerListed.swift in Sources */ = {isa = PBXBuildFile; fileRef = 09DC69052309CDD6006D042B /* UINavigationController+isViewControllerListed.swift */; };
		65D730492457086600115D5D /* NSDateExtension.swift in Sources */ = {isa = PBXBuildFile; fileRef = 65D730482457086600115D5D /* NSDateExtension.swift */; };
		65D730512457142900115D5D /* LogPrint.swift in Sources */ = {isa = PBXBuildFile; fileRef = 65D730502457142900115D5D /* LogPrint.swift */; };
		65D73053245714AD00115D5D /* UIViewExtension.swift in Sources */ = {isa = PBXBuildFile; fileRef = 65D73052245714AD00115D5D /* UIViewExtension.swift */; };
		EEB6DF8A8D8ADCEF417D5282 /* libPods-iOSReusableExtensions.a in Frameworks */ = {isa = PBXBuildFile; fileRef = E6CEBA99FF530157A715000E /* libPods-iOSReusableExtensions.a */; };
/* End PBXBuildFile section */

/* Begin PBXFileReference section */
		0930404021ECF43F009027E7 /* iOSReusableExtensions.framework */ = {isa = PBXFileReference; explicitFileType = wrapper.framework; includeInIndex = 0; path = iOSReusableExtensions.framework; sourceTree = BUILT_PRODUCTS_DIR; };
		0930404321ECF43F009027E7 /* iOSReusableExtensions.h */ = {isa = PBXFileReference; lastKnownFileType = sourcecode.c.h; path = iOSReusableExtensions.h; sourceTree = "<group>"; };
		0930404421ECF43F009027E7 /* Info.plist */ = {isa = PBXFileReference; lastKnownFileType = text.plist.xml; path = Info.plist; sourceTree = "<group>"; };
		0930406221ECF4CD009027E7 /* PropertyLoopable.swift */ = {isa = PBXFileReference; fileEncoding = 4; lastKnownFileType = sourcecode.swift; path = PropertyLoopable.swift; sourceTree = "<group>"; };
		0930406421ECF4CD009027E7 /* Evaluatable.swift */ = {isa = PBXFileReference; fileEncoding = 4; lastKnownFileType = sourcecode.swift; path = Evaluatable.swift; sourceTree = "<group>"; };
		0930406521ECF4CD009027E7 /* UserInputValidationType.swift */ = {isa = PBXFileReference; fileEncoding = 4; lastKnownFileType = sourcecode.swift; path = UserInputValidationType.swift; sourceTree = "<group>"; };
		0930406621ECF4CD009027E7 /* Validatable.swift */ = {isa = PBXFileReference; fileEncoding = 4; lastKnownFileType = sourcecode.swift; path = Validatable.swift; sourceTree = "<group>"; };
		0930406721ECF4CD009027E7 /* String+Evaluatable.swift */ = {isa = PBXFileReference; fileEncoding = 4; lastKnownFileType = sourcecode.swift; path = "String+Evaluatable.swift"; sourceTree = "<group>"; };
		0930406821ECF4CD009027E7 /* ValidationRule.swift */ = {isa = PBXFileReference; fileEncoding = 4; lastKnownFileType = sourcecode.swift; path = ValidationRule.swift; sourceTree = "<group>"; };
		0930406A21ECF4CD009027E7 /* UIImage+resizeImage.swift */ = {isa = PBXFileReference; fileEncoding = 4; lastKnownFileType = sourcecode.swift; path = "UIImage+resizeImage.swift"; sourceTree = "<group>"; };
		0930406B21ECF4CD009027E7 /* UIColor+hex.swift */ = {isa = PBXFileReference; fileEncoding = 4; lastKnownFileType = sourcecode.swift; path = "UIColor+hex.swift"; sourceTree = "<group>"; };
		0930406C21ECF4CD009027E7 /* UIImageView+imageColor.swift */ = {isa = PBXFileReference; fileEncoding = 4; lastKnownFileType = sourcecode.swift; path = "UIImageView+imageColor.swift"; sourceTree = "<group>"; };
		0930406E21ECF4CD009027E7 /* UIView+Parent+ScrollView.swift */ = {isa = PBXFileReference; fileEncoding = 4; lastKnownFileType = sourcecode.swift; path = "UIView+Parent+ScrollView.swift"; sourceTree = "<group>"; };
		0930406F21ECF4CD009027E7 /* UIView+LayoutConstraint.swift */ = {isa = PBXFileReference; fileEncoding = 4; lastKnownFileType = sourcecode.swift; path = "UIView+LayoutConstraint.swift"; sourceTree = "<group>"; };
		0930407021ECF4CD009027E7 /* UIView+snapshotView.swift */ = {isa = PBXFileReference; fileEncoding = 4; lastKnownFileType = sourcecode.swift; path = "UIView+snapshotView.swift"; sourceTree = "<group>"; };
		0930407121ECF4CD009027E7 /* UIView+Appearance.swift */ = {isa = PBXFileReference; fileEncoding = 4; lastKnownFileType = sourcecode.swift; path = "UIView+Appearance.swift"; sourceTree = "<group>"; };
		0930407221ECF4CD009027E7 /* UIView+Nib.swift */ = {isa = PBXFileReference; fileEncoding = 4; lastKnownFileType = sourcecode.swift; path = "UIView+Nib.swift"; sourceTree = "<group>"; };
		0930407321ECF4CD009027E7 /* UIView+Positioning.swift */ = {isa = PBXFileReference; fileEncoding = 4; lastKnownFileType = sourcecode.swift; path = "UIView+Positioning.swift"; sourceTree = "<group>"; };
		0930407421ECF4CD009027E7 /* UIView+Animation.swift */ = {isa = PBXFileReference; fileEncoding = 4; lastKnownFileType = sourcecode.swift; path = "UIView+Animation.swift"; sourceTree = "<group>"; };
		0930407521ECF4CD009027E7 /* NotificationCenter+Extension.swift */ = {isa = PBXFileReference; fileEncoding = 4; lastKnownFileType = sourcecode.swift; path = "NotificationCenter+Extension.swift"; sourceTree = "<group>"; };
		0930407621ECF4CD009027E7 /* UIViewController+Extension.swift */ = {isa = PBXFileReference; fileEncoding = 4; lastKnownFileType = sourcecode.swift; path = "UIViewController+Extension.swift"; sourceTree = "<group>"; };
		0930407821ECF4CD009027E7 /* UIDevice+Type.swift */ = {isa = PBXFileReference; fileEncoding = 4; lastKnownFileType = sourcecode.swift; path = "UIDevice+Type.swift"; sourceTree = "<group>"; };
		0930407921ECF4CD009027E7 /* UIDevice+BiometricType.swift */ = {isa = PBXFileReference; fileEncoding = 4; lastKnownFileType = sourcecode.swift; path = "UIDevice+BiometricType.swift"; sourceTree = "<group>"; };
		0930407A21ECF4CD009027E7 /* UIApplication+topViewController.swift */ = {isa = PBXFileReference; fileEncoding = 4; lastKnownFileType = sourcecode.swift; path = "UIApplication+topViewController.swift"; sourceTree = "<group>"; };
		0930407B21ECF4CD009027E7 /* UICollectionView+Extension.swift */ = {isa = PBXFileReference; fileEncoding = 4; lastKnownFileType = sourcecode.swift; path = "UICollectionView+Extension.swift"; sourceTree = "<group>"; };
		0930407C21ECF4CD009027E7 /* UIBarButtonItem+isHidden.swift */ = {isa = PBXFileReference; fileEncoding = 4; lastKnownFileType = sourcecode.swift; path = "UIBarButtonItem+isHidden.swift"; sourceTree = "<group>"; };
		0930407E21ECF4CD009027E7 /* String+Extension.swift */ = {isa = PBXFileReference; fileEncoding = 4; lastKnownFileType = sourcecode.swift; path = "String+Extension.swift"; sourceTree = "<group>"; };
		0930407F21ECF4CE009027E7 /* NumberFormatter+Double.swift */ = {isa = PBXFileReference; fileEncoding = 4; lastKnownFileType = sourcecode.swift; path = "NumberFormatter+Double.swift"; sourceTree = "<group>"; };
		0930408021ECF4CE009027E7 /* String+Optional.swift */ = {isa = PBXFileReference; fileEncoding = 4; lastKnownFileType = sourcecode.swift; path = "String+Optional.swift"; sourceTree = "<group>"; };
		0930408121ECF4CE009027E7 /* String+Double.swift */ = {isa = PBXFileReference; fileEncoding = 4; lastKnownFileType = sourcecode.swift; path = "String+Double.swift"; sourceTree = "<group>"; };
		0930408221ECF4CE009027E7 /* UITextField+Extension.swift */ = {isa = PBXFileReference; fileEncoding = 4; lastKnownFileType = sourcecode.swift; path = "UITextField+Extension.swift"; sourceTree = "<group>"; };
		0930408321ECF4CE009027E7 /* Date+Extension.swift */ = {isa = PBXFileReference; fileEncoding = 4; lastKnownFileType = sourcecode.swift; path = "Date+Extension.swift"; sourceTree = "<group>"; };
		0930408421ECF4CE009027E7 /* UIScrollView+scrollTo.swift */ = {isa = PBXFileReference; fileEncoding = 4; lastKnownFileType = sourcecode.swift; path = "UIScrollView+scrollTo.swift"; sourceTree = "<group>"; };
		0930408521ECF4CE009027E7 /* UITableView+Extension.swift */ = {isa = PBXFileReference; fileEncoding = 4; lastKnownFileType = sourcecode.swift; path = "UITableView+Extension.swift"; sourceTree = "<group>"; };
		094F9580234B7C0100133ADA /* String+hex.swift */ = {isa = PBXFileReference; lastKnownFileType = sourcecode.swift; path = "String+hex.swift"; sourceTree = "<group>"; };
		099BB12D21EF74B900942CE2 /* UIImage+Extension.swift */ = {isa = PBXFileReference; lastKnownFileType = sourcecode.swift; path = "UIImage+Extension.swift"; sourceTree = "<group>"; };
		099BB12F21EF8E2E00942CE2 /* FileManager+Extension.swift */ = {isa = PBXFileReference; lastKnownFileType = sourcecode.swift; path = "FileManager+Extension.swift"; sourceTree = "<group>"; };
		099BB13121EF8ECC00942CE2 /* UINavigationBar+Extension.swift */ = {isa = PBXFileReference; lastKnownFileType = sourcecode.swift; path = "UINavigationBar+Extension.swift"; sourceTree = "<group>"; };
		099BB13321EF8FAE00942CE2 /* CAGradientLayer+Extension.swift */ = {isa = PBXFileReference; lastKnownFileType = sourcecode.swift; path = "CAGradientLayer+Extension.swift"; sourceTree = "<group>"; };
		099BB13521EF918E00942CE2 /* Utility.swift */ = {isa = PBXFileReference; lastKnownFileType = sourcecode.swift; path = Utility.swift; sourceTree = "<group>"; };
		09C3FC26226DBE9100754AA9 /* Sequence+Perform.swift */ = {isa = PBXFileReference; lastKnownFileType = sourcecode.swift; path = "Sequence+Perform.swift"; sourceTree = "<group>"; };
		09C3FC28226DC0D800754AA9 /* UIViewController+isModal.swift */ = {isa = PBXFileReference; lastKnownFileType = sourcecode.swift; path = "UIViewController+isModal.swift"; sourceTree = "<group>"; };
		09C3FC2B226DC11F00754AA9 /* UIStackView+RemoveAll.swift */ = {isa = PBXFileReference; lastKnownFileType = sourcecode.swift; path = "UIStackView+RemoveAll.swift"; sourceTree = "<group>"; };
		09DC69022309CD07006D042B /* DispatchTimeInterval+seconds.swift */ = {isa = PBXFileReference; lastKnownFileType = sourcecode.swift; path = "DispatchTimeInterval+seconds.swift"; sourceTree = "<group>"; };
		09DC69052309CDD6006D042B /* UINavigationController+isViewControllerListed.swift */ = {isa = PBXFileReference; lastKnownFileType = sourcecode.swift; path = "UINavigationController+isViewControllerListed.swift"; sourceTree = "<group>"; };
		61010524911BA247967205C3 /* Pods-iOSReusableExtensions.release.xcconfig */ = {isa = PBXFileReference; includeInIndex = 1; lastKnownFileType = text.xcconfig; name = "Pods-iOSReusableExtensions.release.xcconfig"; path = "Target Support Files/Pods-iOSReusableExtensions/Pods-iOSReusableExtensions.release.xcconfig"; sourceTree = "<group>"; };
		65D730482457086600115D5D /* NSDateExtension.swift */ = {isa = PBXFileReference; lastKnownFileType = sourcecode.swift; path = NSDateExtension.swift; sourceTree = "<group>"; };
		65D730502457142900115D5D /* LogPrint.swift */ = {isa = PBXFileReference; lastKnownFileType = sourcecode.swift; path = LogPrint.swift; sourceTree = "<group>"; };
		65D73052245714AD00115D5D /* UIViewExtension.swift */ = {isa = PBXFileReference; lastKnownFileType = sourcecode.swift; path = UIViewExtension.swift; sourceTree = "<group>"; };
		BEC9BECD7C38848D355029FB /* Pods-iOSReusableExtensions.debug.xcconfig */ = {isa = PBXFileReference; includeInIndex = 1; lastKnownFileType = text.xcconfig; name = "Pods-iOSReusableExtensions.debug.xcconfig"; path = "Target Support Files/Pods-iOSReusableExtensions/Pods-iOSReusableExtensions.debug.xcconfig"; sourceTree = "<group>"; };
		E6CEBA99FF530157A715000E /* libPods-iOSReusableExtensions.a */ = {isa = PBXFileReference; explicitFileType = archive.ar; includeInIndex = 0; path = "libPods-iOSReusableExtensions.a"; sourceTree = BUILT_PRODUCTS_DIR; };
/* End PBXFileReference section */

/* Begin PBXFrameworksBuildPhase section */
		0930403D21ECF43F009027E7 /* Frameworks */ = {
			isa = PBXFrameworksBuildPhase;
			buildActionMask = 2147483647;
			files = (
				EEB6DF8A8D8ADCEF417D5282 /* libPods-iOSReusableExtensions.a in Frameworks */,
			);
			runOnlyForDeploymentPostprocessing = 0;
		};
/* End PBXFrameworksBuildPhase section */

/* Begin PBXGroup section */
		0930403621ECF43F009027E7 = {
			isa = PBXGroup;
			children = (
				0930404221ECF43F009027E7 /* iOSReusableExtensions */,
				0930404121ECF43F009027E7 /* Products */,
				D85AD1BB17D8FA58693862E1 /* Pods */,
				DC1B673D933EB79BC3849848 /* Frameworks */,
			);
			sourceTree = "<group>";
		};
		0930404121ECF43F009027E7 /* Products */ = {
			isa = PBXGroup;
			children = (
				0930404021ECF43F009027E7 /* iOSReusableExtensions.framework */,
			);
			name = Products;
			sourceTree = "<group>";
		};
		0930404221ECF43F009027E7 /* iOSReusableExtensions */ = {
			isa = PBXGroup;
			children = (
				0930404321ECF43F009027E7 /* iOSReusableExtensions.h */,
				0930404421ECF43F009027E7 /* Info.plist */,
				0930406921ECF4CD009027E7 /* Extensions */,
				0930406121ECF4CD009027E7 /* Helper */,
				0930406321ECF4CD009027E7 /* InputValidation */,
			);
			path = iOSReusableExtensions;
			sourceTree = "<group>";
		};
		0930406121ECF4CD009027E7 /* Helper */ = {
			isa = PBXGroup;
			children = (
				0930406221ECF4CD009027E7 /* PropertyLoopable.swift */,
				099BB13521EF918E00942CE2 /* Utility.swift */,
				65D730502457142900115D5D /* LogPrint.swift */,
			);
			path = Helper;
			sourceTree = "<group>";
		};
		0930406321ECF4CD009027E7 /* InputValidation */ = {
			isa = PBXGroup;
			children = (
				0930406421ECF4CD009027E7 /* Evaluatable.swift */,
				0930406621ECF4CD009027E7 /* Validatable.swift */,
				0930406721ECF4CD009027E7 /* String+Evaluatable.swift */,
				0930406521ECF4CD009027E7 /* UserInputValidationType.swift */,
				0930406821ECF4CD009027E7 /* ValidationRule.swift */,
			);
			path = InputValidation;
			sourceTree = "<group>";
		};
		0930406921ECF4CD009027E7 /* Extensions */ = {
			isa = PBXGroup;
			children = (
				09C3FC23226DBE2100754AA9 /* CAGradientLayer */,
				09C3FC1E226DBDD100754AA9 /* Date */,
				09DC69012309CCE7006D042B /* DispatchTimeInterval */,
				09C3FC22226DBE1300754AA9 /* FileManager */,
				09C3FC1A226DBD7A00754AA9 /* NotificationCenter */,
				09C3FC25226DBE7500754AA9 /* Sequence */,
				0930407D21ECF4CD009027E7 /* String */,
				09C3FC1B226DBD8800754AA9 /* UIApplication */,
				09C3FC1C226DBD9A00754AA9 /* UIBarButtonItem */,
				09C3FC21226DBE0200754AA9 /* UICollectionView */,
				0958C77521F5F75300D864C7 /* UIColor */,
				0930407721ECF4CD009027E7 /* UIDevice */,
				099BB12C21EF749F00942CE2 /* UIImage */,
				09C3FC18226DBD5000754AA9 /* UIImageView */,
				09C3FC24226DBE3800754AA9 /* UINavigationBar */,
				09DC69042309CDC4006D042B /* UINavigationController */,
				09C3FC1F226DBDE000754AA9 /* UIScrollView */,
				09C3FC2A226DC10A00754AA9 /* UIStackView */,
				09C3FC20226DBDF000754AA9 /* UITableView */,
				09C3FC1D226DBDC200754AA9 /* UITextField */,
				0930406D21ECF4CD009027E7 /* UIView */,
				09C3FC19226DBD6700754AA9 /* UIViewController */,
			);
			path = Extensions;
			sourceTree = "<group>";
		};
		0930406D21ECF4CD009027E7 /* UIView */ = {
			isa = PBXGroup;
			children = (
				0930406E21ECF4CD009027E7 /* UIView+Parent+ScrollView.swift */,
				0930406F21ECF4CD009027E7 /* UIView+LayoutConstraint.swift */,
				0930407021ECF4CD009027E7 /* UIView+snapshotView.swift */,
				0930407121ECF4CD009027E7 /* UIView+Appearance.swift */,
				0930407221ECF4CD009027E7 /* UIView+Nib.swift */,
				0930407321ECF4CD009027E7 /* UIView+Positioning.swift */,
				0930407421ECF4CD009027E7 /* UIView+Animation.swift */,
				65D73052245714AD00115D5D /* UIViewExtension.swift */,
			);
			path = UIView;
			sourceTree = "<group>";
		};
		0930407721ECF4CD009027E7 /* UIDevice */ = {
			isa = PBXGroup;
			children = (
				0930407821ECF4CD009027E7 /* UIDevice+Type.swift */,
				0930407921ECF4CD009027E7 /* UIDevice+BiometricType.swift */,
			);
			path = UIDevice;
			sourceTree = "<group>";
		};
		0930407D21ECF4CD009027E7 /* String */ = {
			isa = PBXGroup;
			children = (
				094F9580234B7C0100133ADA /* String+hex.swift */,
				0930407E21ECF4CD009027E7 /* String+Extension.swift */,
				0930407F21ECF4CE009027E7 /* NumberFormatter+Double.swift */,
				0930408021ECF4CE009027E7 /* String+Optional.swift */,
				0930408121ECF4CE009027E7 /* String+Double.swift */,
			);
			path = String;
			sourceTree = "<group>";
		};
		0958C77521F5F75300D864C7 /* UIColor */ = {
			isa = PBXGroup;
			children = (
				0930406B21ECF4CD009027E7 /* UIColor+hex.swift */,
			);
			path = UIColor;
			sourceTree = "<group>";
		};
		099BB12C21EF749F00942CE2 /* UIImage */ = {
			isa = PBXGroup;
			children = (
				0930406A21ECF4CD009027E7 /* UIImage+resizeImage.swift */,
				099BB12D21EF74B900942CE2 /* UIImage+Extension.swift */,
			);
			path = UIImage;
			sourceTree = "<group>";
		};
		09C3FC18226DBD5000754AA9 /* UIImageView */ = {
			isa = PBXGroup;
			children = (
				0930406C21ECF4CD009027E7 /* UIImageView+imageColor.swift */,
			);
			path = UIImageView;
			sourceTree = "<group>";
		};
		09C3FC19226DBD6700754AA9 /* UIViewController */ = {
			isa = PBXGroup;
			children = (
				0930407621ECF4CD009027E7 /* UIViewController+Extension.swift */,
				09C3FC28226DC0D800754AA9 /* UIViewController+isModal.swift */,
			);
			path = UIViewController;
			sourceTree = "<group>";
		};
		09C3FC1A226DBD7A00754AA9 /* NotificationCenter */ = {
			isa = PBXGroup;
			children = (
				0930407521ECF4CD009027E7 /* NotificationCenter+Extension.swift */,
			);
			path = NotificationCenter;
			sourceTree = "<group>";
		};
		09C3FC1B226DBD8800754AA9 /* UIApplication */ = {
			isa = PBXGroup;
			children = (
				0930407A21ECF4CD009027E7 /* UIApplication+topViewController.swift */,
			);
			path = UIApplication;
			sourceTree = "<group>";
		};
		09C3FC1C226DBD9A00754AA9 /* UIBarButtonItem */ = {
			isa = PBXGroup;
			children = (
				0930407C21ECF4CD009027E7 /* UIBarButtonItem+isHidden.swift */,
			);
			path = UIBarButtonItem;
			sourceTree = "<group>";
		};
		09C3FC1D226DBDC200754AA9 /* UITextField */ = {
			isa = PBXGroup;
			children = (
				0930408221ECF4CE009027E7 /* UITextField+Extension.swift */,
			);
			path = UITextField;
			sourceTree = "<group>";
		};
		09C3FC1E226DBDD100754AA9 /* Date */ = {
			isa = PBXGroup;
			children = (
				0930408321ECF4CE009027E7 /* Date+Extension.swift */,
				65D730482457086600115D5D /* NSDateExtension.swift */,
			);
			path = Date;
			sourceTree = "<group>";
		};
		09C3FC1F226DBDE000754AA9 /* UIScrollView */ = {
			isa = PBXGroup;
			children = (
				0930408421ECF4CE009027E7 /* UIScrollView+scrollTo.swift */,
			);
			path = UIScrollView;
			sourceTree = "<group>";
		};
		09C3FC20226DBDF000754AA9 /* UITableView */ = {
			isa = PBXGroup;
			children = (
				0930408521ECF4CE009027E7 /* UITableView+Extension.swift */,
			);
			path = UITableView;
			sourceTree = "<group>";
		};
		09C3FC21226DBE0200754AA9 /* UICollectionView */ = {
			isa = PBXGroup;
			children = (
				0930407B21ECF4CD009027E7 /* UICollectionView+Extension.swift */,
			);
			path = UICollectionView;
			sourceTree = "<group>";
		};
		09C3FC22226DBE1300754AA9 /* FileManager */ = {
			isa = PBXGroup;
			children = (
				099BB12F21EF8E2E00942CE2 /* FileManager+Extension.swift */,
			);
			path = FileManager;
			sourceTree = "<group>";
		};
		09C3FC23226DBE2100754AA9 /* CAGradientLayer */ = {
			isa = PBXGroup;
			children = (
				099BB13321EF8FAE00942CE2 /* CAGradientLayer+Extension.swift */,
			);
			path = CAGradientLayer;
			sourceTree = "<group>";
		};
		09C3FC24226DBE3800754AA9 /* UINavigationBar */ = {
			isa = PBXGroup;
			children = (
				099BB13121EF8ECC00942CE2 /* UINavigationBar+Extension.swift */,
			);
			path = UINavigationBar;
			sourceTree = "<group>";
		};
		09C3FC25226DBE7500754AA9 /* Sequence */ = {
			isa = PBXGroup;
			children = (
				09C3FC26226DBE9100754AA9 /* Sequence+Perform.swift */,
			);
			path = Sequence;
			sourceTree = "<group>";
		};
		09C3FC2A226DC10A00754AA9 /* UIStackView */ = {
			isa = PBXGroup;
			children = (
				09C3FC2B226DC11F00754AA9 /* UIStackView+RemoveAll.swift */,
			);
			path = UIStackView;
			sourceTree = "<group>";
		};
		09DC69012309CCE7006D042B /* DispatchTimeInterval */ = {
			isa = PBXGroup;
			children = (
				09DC69022309CD07006D042B /* DispatchTimeInterval+seconds.swift */,
			);
			path = DispatchTimeInterval;
			sourceTree = "<group>";
		};
		09DC69042309CDC4006D042B /* UINavigationController */ = {
			isa = PBXGroup;
			children = (
				09DC69052309CDD6006D042B /* UINavigationController+isViewControllerListed.swift */,
			);
			path = UINavigationController;
			sourceTree = "<group>";
		};
		D85AD1BB17D8FA58693862E1 /* Pods */ = {
			isa = PBXGroup;
			children = (
				BEC9BECD7C38848D355029FB /* Pods-iOSReusableExtensions.debug.xcconfig */,
				61010524911BA247967205C3 /* Pods-iOSReusableExtensions.release.xcconfig */,
			);
			path = Pods;
			sourceTree = "<group>";
		};
		DC1B673D933EB79BC3849848 /* Frameworks */ = {
			isa = PBXGroup;
			children = (
				E6CEBA99FF530157A715000E /* libPods-iOSReusableExtensions.a */,
			);
			name = Frameworks;
			sourceTree = "<group>";
		};
/* End PBXGroup section */

/* Begin PBXHeadersBuildPhase section */
		0930403B21ECF43F009027E7 /* Headers */ = {
			isa = PBXHeadersBuildPhase;
			buildActionMask = 2147483647;
			files = (
				0930404521ECF43F009027E7 /* iOSReusableExtensions.h in Headers */,
			);
			runOnlyForDeploymentPostprocessing = 0;
		};
/* End PBXHeadersBuildPhase section */

/* Begin PBXNativeTarget section */
		0930403F21ECF43F009027E7 /* iOSReusableExtensions */ = {
			isa = PBXNativeTarget;
			buildConfigurationList = 0930404821ECF43F009027E7 /* Build configuration list for PBXNativeTarget "iOSReusableExtensions" */;
			buildPhases = (
				50819E741573D8D0ED0A3CC1 /* [CP] Check Pods Manifest.lock */,
				0930403B21ECF43F009027E7 /* Headers */,
				0930403C21ECF43F009027E7 /* Sources */,
				0930403D21ECF43F009027E7 /* Frameworks */,
				0930403E21ECF43F009027E7 /* Resources */,
			);
			buildRules = (
			);
			dependencies = (
			);
			name = iOSReusableExtensions;
			productName = iOSReusableExtensions;
			productReference = 0930404021ECF43F009027E7 /* iOSReusableExtensions.framework */;
			productType = "com.apple.product-type.framework";
		};
/* End PBXNativeTarget section */

/* Begin PBXProject section */
		0930403721ECF43F009027E7 /* Project object */ = {
			isa = PBXProject;
			attributes = {
				LastUpgradeCheck = 1320;
				ORGANIZATIONNAME = adviqo;
				TargetAttributes = {
					0930403F21ECF43F009027E7 = {
						CreatedOnToolsVersion = 10.1;
					};
				};
			};
			buildConfigurationList = 0930403A21ECF43F009027E7 /* Build configuration list for PBXProject "iOSReusableExtensions" */;
			compatibilityVersion = "Xcode 9.3";
			developmentRegion = en;
			hasScannedForEncodings = 0;
			knownRegions = (
				en,
			);
			mainGroup = 0930403621ECF43F009027E7;
			productRefGroup = 0930404121ECF43F009027E7 /* Products */;
			projectDirPath = "";
			projectRoot = "";
			targets = (
				0930403F21ECF43F009027E7 /* iOSReusableExtensions */,
			);
		};
/* End PBXProject section */

/* Begin PBXResourcesBuildPhase section */
		0930403E21ECF43F009027E7 /* Resources */ = {
			isa = PBXResourcesBuildPhase;
			buildActionMask = 2147483647;
			files = (
			);
			runOnlyForDeploymentPostprocessing = 0;
		};
/* End PBXResourcesBuildPhase section */

/* Begin PBXShellScriptBuildPhase section */
		50819E741573D8D0ED0A3CC1 /* [CP] Check Pods Manifest.lock */ = {
			isa = PBXShellScriptBuildPhase;
			buildActionMask = 2147483647;
			files = (
			);
			inputFileListPaths = (
			);
			inputPaths = (
				"${PODS_PODFILE_DIR_PATH}/Podfile.lock",
				"${PODS_ROOT}/Manifest.lock",
			);
			name = "[CP] Check Pods Manifest.lock";
			outputFileListPaths = (
			);
			outputPaths = (
				"$(DERIVED_FILE_DIR)/Pods-iOSReusableExtensions-checkManifestLockResult.txt",
			);
			runOnlyForDeploymentPostprocessing = 0;
			shellPath = /bin/sh;
			shellScript = "diff \"${PODS_PODFILE_DIR_PATH}/Podfile.lock\" \"${PODS_ROOT}/Manifest.lock\" > /dev/null\nif [ $? != 0 ] ; then\n    # print error to STDERR\n    echo \"error: The sandbox is not in sync with the Podfile.lock. Run 'pod install' or update your CocoaPods installation.\" >&2\n    exit 1\nfi\n# This output is used by Xcode 'outputs' to avoid re-running this script phase.\necho \"SUCCESS\" > \"${SCRIPT_OUTPUT_FILE_0}\"\n";
			showEnvVarsInLog = 0;
		};
/* End PBXShellScriptBuildPhase section */

/* Begin PBXSourcesBuildPhase section */
		0930403C21ECF43F009027E7 /* Sources */ = {
			isa = PBXSourcesBuildPhase;
			buildActionMask = 2147483647;
			files = (
				093040B221ECF4CE009027E7 /* UITextField+Extension.swift in Sources */,
				0930409C21ECF4CE009027E7 /* ValidationRule.swift in Sources */,
				093040A721ECF4CE009027E7 /* NotificationCenter+Extension.swift in Sources */,
				0930409821ECF4CE009027E7 /* Evaluatable.swift in Sources */,
				093040AC21ECF4CE009027E7 /* UICollectionView+Extension.swift in Sources */,
				0930409D21ECF4CE009027E7 /* UIImage+resizeImage.swift in Sources */,
				093040AF21ECF4CE009027E7 /* NumberFormatter+Double.swift in Sources */,
				0930409921ECF4CE009027E7 /* UserInputValidationType.swift in Sources */,
				093040B121ECF4CE009027E7 /* String+Double.swift in Sources */,
				093040A221ECF4CE009027E7 /* UIView+snapshotView.swift in Sources */,
				09C3FC29226DC0D800754AA9 /* UIViewController+isModal.swift in Sources */,
				09C3FC2C226DC11F00754AA9 /* UIStackView+RemoveAll.swift in Sources */,
				093040A521ECF4CE009027E7 /* UIView+Positioning.swift in Sources */,
				099BB13021EF8E2E00942CE2 /* FileManager+Extension.swift in Sources */,
				0930409E21ECF4CE009027E7 /* UIColor+hex.swift in Sources */,
				65D73053245714AD00115D5D /* UIViewExtension.swift in Sources */,
				093040A121ECF4CE009027E7 /* UIView+LayoutConstraint.swift in Sources */,
				65D730512457142900115D5D /* LogPrint.swift in Sources */,
				0930409B21ECF4CE009027E7 /* String+Evaluatable.swift in Sources */,
				093040A821ECF4CE009027E7 /* UIViewController+Extension.swift in Sources */,
				093040A621ECF4CE009027E7 /* UIView+Animation.swift in Sources */,
				0930409A21ECF4CE009027E7 /* Validatable.swift in Sources */,
				093040AB21ECF4CE009027E7 /* UIApplication+topViewController.swift in Sources */,
				099BB13221EF8ECC00942CE2 /* UINavigationBar+Extension.swift in Sources */,
				099BB13621EF918E00942CE2 /* Utility.swift in Sources */,
				0930409721ECF4CE009027E7 /* PropertyLoopable.swift in Sources */,
				094F9581234B7C0100133ADA /* String+hex.swift in Sources */,
				65D730492457086600115D5D /* NSDateExtension.swift in Sources */,
				093040AD21ECF4CE009027E7 /* UIBarButtonItem+isHidden.swift in Sources */,
				099BB12E21EF74B900942CE2 /* UIImage+Extension.swift in Sources */,
				099BB13421EF8FAE00942CE2 /* CAGradientLayer+Extension.swift in Sources */,
				093040A021ECF4CE009027E7 /* UIView+Parent+ScrollView.swift in Sources */,
				093040B321ECF4CE009027E7 /* Date+Extension.swift in Sources */,
				093040A421ECF4CE009027E7 /* UIView+Nib.swift in Sources */,
				0930409F21ECF4CE009027E7 /* UIImageView+imageColor.swift in Sources */,
				09DC69032309CD07006D042B /* DispatchTimeInterval+seconds.swift in Sources */,
				093040A921ECF4CE009027E7 /* UIDevice+Type.swift in Sources */,
				093040A321ECF4CE009027E7 /* UIView+Appearance.swift in Sources */,
				093040B421ECF4CE009027E7 /* UIScrollView+scrollTo.swift in Sources */,
				09C3FC27226DBE9100754AA9 /* Sequence+Perform.swift in Sources */,
				093040B021ECF4CE009027E7 /* String+Optional.swift in Sources */,
				093040AA21ECF4CE009027E7 /* UIDevice+BiometricType.swift in Sources */,
				093040AE21ECF4CE009027E7 /* String+Extension.swift in Sources */,
				09DC69062309CDD6006D042B /* UINavigationController+isViewControllerListed.swift in Sources */,
				093040B521ECF4CE009027E7 /* UITableView+Extension.swift in Sources */,
			);
			runOnlyForDeploymentPostprocessing = 0;
		};
/* End PBXSourcesBuildPhase section */

/* Begin XCBuildConfiguration section */
		0930404621ECF43F009027E7 /* Debug */ = {
			isa = XCBuildConfiguration;
			buildSettings = {
				ALWAYS_SEARCH_USER_PATHS = NO;
				CLANG_ANALYZER_NONNULL = YES;
				CLANG_ANALYZER_NUMBER_OBJECT_CONVERSION = YES_AGGRESSIVE;
				CLANG_CXX_LANGUAGE_STANDARD = "gnu++14";
				CLANG_CXX_LIBRARY = "libc++";
				CLANG_ENABLE_MODULES = YES;
				CLANG_ENABLE_OBJC_ARC = YES;
				CLANG_ENABLE_OBJC_WEAK = YES;
				CLANG_WARN_BLOCK_CAPTURE_AUTORELEASING = YES;
				CLANG_WARN_BOOL_CONVERSION = YES;
				CLANG_WARN_COMMA = YES;
				CLANG_WARN_CONSTANT_CONVERSION = YES;
				CLANG_WARN_DEPRECATED_OBJC_IMPLEMENTATIONS = YES;
				CLANG_WARN_DIRECT_OBJC_ISA_USAGE = YES_ERROR;
				CLANG_WARN_DOCUMENTATION_COMMENTS = YES;
				CLANG_WARN_EMPTY_BODY = YES;
				CLANG_WARN_ENUM_CONVERSION = YES;
				CLANG_WARN_INFINITE_RECURSION = YES;
				CLANG_WARN_INT_CONVERSION = YES;
				CLANG_WARN_NON_LITERAL_NULL_CONVERSION = YES;
				CLANG_WARN_OBJC_IMPLICIT_RETAIN_SELF = YES;
				CLANG_WARN_OBJC_LITERAL_CONVERSION = YES;
				CLANG_WARN_OBJC_ROOT_CLASS = YES_ERROR;
				CLANG_WARN_QUOTED_INCLUDE_IN_FRAMEWORK_HEADER = YES;
				CLANG_WARN_RANGE_LOOP_ANALYSIS = YES;
				CLANG_WARN_STRICT_PROTOTYPES = YES;
				CLANG_WARN_SUSPICIOUS_MOVE = YES;
				CLANG_WARN_UNGUARDED_AVAILABILITY = YES_AGGRESSIVE;
				CLANG_WARN_UNREACHABLE_CODE = YES;
				CLANG_WARN__DUPLICATE_METHOD_MATCH = YES;
				CODE_SIGN_IDENTITY = "iPhone Developer";
				COPY_PHASE_STRIP = NO;
				CURRENT_PROJECT_VERSION = 1;
				DEBUG_INFORMATION_FORMAT = dwarf;
				ENABLE_STRICT_OBJC_MSGSEND = YES;
				ENABLE_TESTABILITY = YES;
				GCC_C_LANGUAGE_STANDARD = gnu11;
				GCC_DYNAMIC_NO_PIC = NO;
				GCC_NO_COMMON_BLOCKS = YES;
				GCC_OPTIMIZATION_LEVEL = 0;
				GCC_PREPROCESSOR_DEFINITIONS = (
					"DEBUG=1",
					"$(inherited)",
				);
				GCC_WARN_64_TO_32_BIT_CONVERSION = YES;
				GCC_WARN_ABOUT_RETURN_TYPE = YES_ERROR;
				GCC_WARN_UNDECLARED_SELECTOR = YES;
				GCC_WARN_UNINITIALIZED_AUTOS = YES_AGGRESSIVE;
				GCC_WARN_UNUSED_FUNCTION = YES;
				GCC_WARN_UNUSED_VARIABLE = YES;
				IPHONEOS_DEPLOYMENT_TARGET = 11.0;
				MTL_ENABLE_DEBUG_INFO = INCLUDE_SOURCE;
				MTL_FAST_MATH = YES;
				ONLY_ACTIVE_ARCH = YES;
				SDKROOT = iphoneos;
				SWIFT_ACTIVE_COMPILATION_CONDITIONS = DEBUG;
				SWIFT_OPTIMIZATION_LEVEL = "-Onone";
				SWIFT_VERSION = 5.0;
				VERSIONING_SYSTEM = "apple-generic";
				VERSION_INFO_PREFIX = "";
			};
			name = Debug;
		};
		0930404721ECF43F009027E7 /* Release */ = {
			isa = XCBuildConfiguration;
			buildSettings = {
				ALWAYS_SEARCH_USER_PATHS = NO;
				CLANG_ANALYZER_NONNULL = YES;
				CLANG_ANALYZER_NUMBER_OBJECT_CONVERSION = YES_AGGRESSIVE;
				CLANG_CXX_LANGUAGE_STANDARD = "gnu++14";
				CLANG_CXX_LIBRARY = "libc++";
				CLANG_ENABLE_MODULES = YES;
				CLANG_ENABLE_OBJC_ARC = YES;
				CLANG_ENABLE_OBJC_WEAK = YES;
				CLANG_WARN_BLOCK_CAPTURE_AUTORELEASING = YES;
				CLANG_WARN_BOOL_CONVERSION = YES;
				CLANG_WARN_COMMA = YES;
				CLANG_WARN_CONSTANT_CONVERSION = YES;
				CLANG_WARN_DEPRECATED_OBJC_IMPLEMENTATIONS = YES;
				CLANG_WARN_DIRECT_OBJC_ISA_USAGE = YES_ERROR;
				CLANG_WARN_DOCUMENTATION_COMMENTS = YES;
				CLANG_WARN_EMPTY_BODY = YES;
				CLANG_WARN_ENUM_CONVERSION = YES;
				CLANG_WARN_INFINITE_RECURSION = YES;
				CLANG_WARN_INT_CONVERSION = YES;
				CLANG_WARN_NON_LITERAL_NULL_CONVERSION = YES;
				CLANG_WARN_OBJC_IMPLICIT_RETAIN_SELF = YES;
				CLANG_WARN_OBJC_LITERAL_CONVERSION = YES;
				CLANG_WARN_OBJC_ROOT_CLASS = YES_ERROR;
				CLANG_WARN_QUOTED_INCLUDE_IN_FRAMEWORK_HEADER = YES;
				CLANG_WARN_RANGE_LOOP_ANALYSIS = YES;
				CLANG_WARN_STRICT_PROTOTYPES = YES;
				CLANG_WARN_SUSPICIOUS_MOVE = YES;
				CLANG_WARN_UNGUARDED_AVAILABILITY = YES_AGGRESSIVE;
				CLANG_WARN_UNREACHABLE_CODE = YES;
				CLANG_WARN__DUPLICATE_METHOD_MATCH = YES;
				CODE_SIGN_IDENTITY = "iPhone Developer";
				COPY_PHASE_STRIP = NO;
				CURRENT_PROJECT_VERSION = 1;
				DEBUG_INFORMATION_FORMAT = "dwarf-with-dsym";
				ENABLE_NS_ASSERTIONS = NO;
				ENABLE_STRICT_OBJC_MSGSEND = YES;
				GCC_C_LANGUAGE_STANDARD = gnu11;
				GCC_NO_COMMON_BLOCKS = YES;
				GCC_WARN_64_TO_32_BIT_CONVERSION = YES;
				GCC_WARN_ABOUT_RETURN_TYPE = YES_ERROR;
				GCC_WARN_UNDECLARED_SELECTOR = YES;
				GCC_WARN_UNINITIALIZED_AUTOS = YES_AGGRESSIVE;
				GCC_WARN_UNUSED_FUNCTION = YES;
				GCC_WARN_UNUSED_VARIABLE = YES;
				IPHONEOS_DEPLOYMENT_TARGET = 11.0;
				MTL_ENABLE_DEBUG_INFO = NO;
				MTL_FAST_MATH = YES;
				SDKROOT = iphoneos;
				SWIFT_COMPILATION_MODE = wholemodule;
				SWIFT_OPTIMIZATION_LEVEL = "-O";
				SWIFT_VERSION = 5.0;
				VALIDATE_PRODUCT = YES;
				VERSIONING_SYSTEM = "apple-generic";
				VERSION_INFO_PREFIX = "";
			};
			name = Release;
		};
		0930404921ECF43F009027E7 /* Debug */ = {
			isa = XCBuildConfiguration;
			baseConfigurationReference = BEC9BECD7C38848D355029FB /* Pods-iOSReusableExtensions.debug.xcconfig */;
			buildSettings = {
				CODE_SIGN_IDENTITY = "";
				CODE_SIGN_STYLE = Automatic;
				DEFINES_MODULE = YES;
				DEVELOPMENT_TEAM = LNK4VM8TWA;
				DYLIB_COMPATIBILITY_VERSION = 1;
				DYLIB_CURRENT_VERSION = 1;
				DYLIB_INSTALL_NAME_BASE = "@rpath";
				INFOPLIST_FILE = iOSReusableExtensions/Info.plist;
				INSTALL_PATH = "$(LOCAL_LIBRARY_DIR)/Frameworks";
				LD_RUNPATH_SEARCH_PATHS = (
					"$(inherited)",
					"@executable_path/Frameworks",
					"@loader_path/Frameworks",
				);
				MARKETING_VERSION = 1.0.16;
				PRODUCT_BUNDLE_IDENTIFIER = com.adviqo.iOSReusableExtensions;
				PRODUCT_NAME = "$(TARGET_NAME:c99extidentifier)";
				SKIP_INSTALL = YES;
				SWIFT_VERSION = 5.0;
				TARGETED_DEVICE_FAMILY = "1,2";
			};
			name = Debug;
		};
		0930404A21ECF43F009027E7 /* Release */ = {
			isa = XCBuildConfiguration;
			baseConfigurationReference = 61010524911BA247967205C3 /* Pods-iOSReusableExtensions.release.xcconfig */;
			buildSettings = {
				CODE_SIGN_IDENTITY = "";
				CODE_SIGN_STYLE = Automatic;
				DEFINES_MODULE = YES;
				DEVELOPMENT_TEAM = LNK4VM8TWA;
				DYLIB_COMPATIBILITY_VERSION = 1;
				DYLIB_CURRENT_VERSION = 1;
				DYLIB_INSTALL_NAME_BASE = "@rpath";
				INFOPLIST_FILE = iOSReusableExtensions/Info.plist;
				INSTALL_PATH = "$(LOCAL_LIBRARY_DIR)/Frameworks";
				LD_RUNPATH_SEARCH_PATHS = (
					"$(inherited)",
					"@executable_path/Frameworks",
					"@loader_path/Frameworks",
				);
				MARKETING_VERSION = 1.0.16;
				PRODUCT_BUNDLE_IDENTIFIER = com.adviqo.iOSReusableExtensions;
				PRODUCT_NAME = "$(TARGET_NAME:c99extidentifier)";
				SKIP_INSTALL = YES;
				SWIFT_VERSION = 5.0;
				TARGETED_DEVICE_FAMILY = "1,2";
			};
			name = Release;
		};
/* End XCBuildConfiguration section */

/* Begin XCConfigurationList section */
		0930403A21ECF43F009027E7 /* Build configuration list for PBXProject "iOSReusableExtensions" */ = {
			isa = XCConfigurationList;
			buildConfigurations = (
				0930404621ECF43F009027E7 /* Debug */,
				0930404721ECF43F009027E7 /* Release */,
			);
			defaultConfigurationIsVisible = 0;
			defaultConfigurationName = Release;
		};
		0930404821ECF43F009027E7 /* Build configuration list for PBXNativeTarget "iOSReusableExtensions" */ = {
			isa = XCConfigurationList;
			buildConfigurations = (
				0930404921ECF43F009027E7 /* Debug */,
				0930404A21ECF43F009027E7 /* Release */,
			);
			defaultConfigurationIsVisible = 0;
			defaultConfigurationName = Release;
		};
/* End XCConfigurationList section */
	};
	rootObject = 0930403721ECF43F009027E7 /* Project object */;
}
